
Microsoft Visual Studio Solution File, Format Version 12.00
# Visual Studio Version 17
VisualStudioVersion = 17.5.002.0
MinimumVisualStudioVersion = 10.0.40219.1
Project("{2150E333-8FDC-42A3-9474-1A3956D46DE8}") = "csharp-prep", "csharp-prep", "{053C8025-3B95-4092-B7ED-0A1FDB60CD64}"
EndProject
Project("{9A19103F-16F7-4668-BE54-9A1E7A4F7556}") = "Prep1", "csharp-prep\Prep1\Prep1.csproj", "{936DB0E1-6BEB-476F-AE9F-E16283B23C1E}"
EndProject
Project("{9A19103F-16F7-4668-BE54-9A1E7A4F7556}") = "Prep2", "csharp-prep\Prep2\Prep2.csproj", "{B509BC5F-D1D3-4746-A828-3CC21E5167A3}"
EndProject
Project("{9A19103F-16F7-4668-BE54-9A1E7A4F7556}") = "Prep3", "csharp-prep\Prep3\Prep3.csproj", "{79963B43-F835-4ED9-A961-D5211FB1594A}"
EndProject
Project("{9A19103F-16F7-4668-BE54-9A1E7A4F7556}") = "Prep4", "csharp-prep\Prep4\Prep4.csproj", "{E24C941E-C92E-4963-A694-30A7E63339EE}"
EndProject
Project("{9A19103F-16F7-4668-BE54-9A1E7A4F7556}") = "Prep5", "csharp-prep\Prep5\Prep5.csproj", "{E1E6A7D3-AE53-4183-9843-2E80DFA7A0CF}"
EndProject
Project("{2150E333-8FDC-42A3-9474-1A3956D46DE8}") = "final", "final", "{000CD0C7-1B5D-4F84-9034-C13D4806D3B3}"
EndProject
Project("{9A19103F-16F7-4668-BE54-9A1E7A4F7556}") = "FinalProject", "final\FinalProject\FinalProject.csproj", "{6F1276B0-0234-441B-8A7D-184718716F3A}"
EndProject
Project("{9A19103F-16F7-4668-BE54-9A1E7A4F7556}") = "Foundation1", "final\Foundation1\Foundation1.csproj", "{E135D6E5-CF09-4B04-92DB-F4950EB8515F}"
EndProject
Project("{9A19103F-16F7-4668-BE54-9A1E7A4F7556}") = "Foundation2", "final\Foundation2\Foundation2.csproj", "{F6D351EF-F517-45F8-99E5-B279B9FE3195}"
EndProject
Project("{9A19103F-16F7-4668-BE54-9A1E7A4F7556}") = "Foundation3", "final\Foundation3\Foundation3.csproj", "{FBEE1619-D587-40CB-BFCD-DF7DB95CA6D4}"
EndProject
Project("{9A19103F-16F7-4668-BE54-9A1E7A4F7556}") = "Foundation4", "final\Foundation4\Foundation4.csproj", "{5B308363-865F-42CB-A0DF-D92B16DD9C6F}"
EndProject
Project("{2150E333-8FDC-42A3-9474-1A3956D46DE8}") = "prepare", "prepare", "{98E0B3EE-48B9-4BAC-B4BB-E0F8DE0CF404}"
EndProject
Project("{9A19103F-16F7-4668-BE54-9A1E7A4F7556}") = "Learning02", "prepare\Learning02\Learning02.csproj", "{C895C4A4-36FC-4EF1-902C-F9B92FE40924}"
EndProject
Project("{9A19103F-16F7-4668-BE54-9A1E7A4F7556}") = "Learning03", "prepare\Learning03\Learning03.csproj", "{145E6338-CD47-4A24-854F-A760F22DC6BE}"
EndProject
Project("{9A19103F-16F7-4668-BE54-9A1E7A4F7556}") = "Learning04", "prepare\Learning04\Learning04.csproj", "{1D721CFD-3815-4538-87B3-A559A5F8A4F4}"
EndProject
Project("{9A19103F-16F7-4668-BE54-9A1E7A4F7556}") = "Learning05", "prepare\Learning05\Learning05.csproj", "{6F96FD32-6F15-4DFC-A2AC-7CA6B9BC1546}"
EndProject
Project("{2150E333-8FDC-42A3-9474-1A3956D46DE8}") = "prove", "prove", "{6E9F3754-56CE-4616-AFD0-31AF38F046BB}"
EndProject
Project("{9A19103F-16F7-4668-BE54-9A1E7A4F7556}") = "Develop02", "prove\Develop02\Develop02.csproj", "{2D027DA4-C61E-4BB3-A267-243449043608}"
EndProject
Project("{9A19103F-16F7-4668-BE54-9A1E7A4F7556}") = "Develop03", "prove\Develop03\Develop03.csproj", "{4021F8BF-8414-4804-B466-B30055000AD7}"
EndProject
Project("{9A19103F-16F7-4668-BE54-9A1E7A4F7556}") = "Develop04", "prove\Develop04\Develop04.csproj", "{FD27813C-BB9D-4E5C-9CD9-00415CC9E4AD}"
EndProject
Project("{9A19103F-16F7-4668-BE54-9A1E7A4F7556}") = "Develop05", "prove\Develop05\Develop05.csproj", "{F74CC059-CD1E-4FB2-B21F-C80BAD9E31F1}"
EndProject
Project("{2150E333-8FDC-42A3-9474-1A3956D46DE8}") = "sandbox", "sandbox", "{6F4B9138-5380-4FCF-92C8-D5BF08208556}"
EndProject
Project("{9A19103F-16F7-4668-BE54-9A1E7A4F7556}") = "Sandbox", "sandbox\Sandbox\Sandbox.csproj", "{E3BB5C19-8270-4481-9541-C14E77D37735}"
EndProject
Global
	GlobalSection(SolutionConfigurationPlatforms) = preSolution
		Debug|Any CPU = Debug|Any CPU
		Release|Any CPU = Release|Any CPU
	EndGlobalSection
	GlobalSection(ProjectConfigurationPlatforms) = postSolution
		{936DB0E1-6BEB-476F-AE9F-E16283B23C1E}.Debug|Any CPU.ActiveCfg = Debug|Any CPU
		{936DB0E1-6BEB-476F-AE9F-E16283B23C1E}.Debug|Any CPU.Build.0 = Debug|Any CPU
		{936DB0E1-6BEB-476F-AE9F-E16283B23C1E}.Release|Any CPU.ActiveCfg = Release|Any CPU
		{936DB0E1-6BEB-476F-AE9F-E16283B23C1E}.Release|Any CPU.Build.0 = Release|Any CPU
		{B509BC5F-D1D3-4746-A828-3CC21E5167A3}.Debug|Any CPU.ActiveCfg = Debug|Any CPU
		{B509BC5F-D1D3-4746-A828-3CC21E5167A3}.Debug|Any CPU.Build.0 = Debug|Any CPU
		{B509BC5F-D1D3-4746-A828-3CC21E5167A3}.Release|Any CPU.ActiveCfg = Release|Any CPU
		{B509BC5F-D1D3-4746-A828-3CC21E5167A3}.Release|Any CPU.Build.0 = Release|Any CPU
		{79963B43-F835-4ED9-A961-D5211FB1594A}.Debug|Any CPU.ActiveCfg = Debug|Any CPU
		{79963B43-F835-4ED9-A961-D5211FB1594A}.Debug|Any CPU.Build.0 = Debug|Any CPU
		{79963B43-F835-4ED9-A961-D5211FB1594A}.Release|Any CPU.ActiveCfg = Release|Any CPU
		{79963B43-F835-4ED9-A961-D5211FB1594A}.Release|Any CPU.Build.0 = Release|Any CPU
		{E24C941E-C92E-4963-A694-30A7E63339EE}.Debug|Any CPU.ActiveCfg = Debug|Any CPU
		{E24C941E-C92E-4963-A694-30A7E63339EE}.Debug|Any CPU.Build.0 = Debug|Any CPU
		{E24C941E-C92E-4963-A694-30A7E63339EE}.Release|Any CPU.ActiveCfg = Release|Any CPU
		{E24C941E-C92E-4963-A694-30A7E63339EE}.Release|Any CPU.Build.0 = Release|Any CPU
		{E1E6A7D3-AE53-4183-9843-2E80DFA7A0CF}.Debug|Any CPU.ActiveCfg = Debug|Any CPU
		{E1E6A7D3-AE53-4183-9843-2E80DFA7A0CF}.Debug|Any CPU.Build.0 = Debug|Any CPU
		{E1E6A7D3-AE53-4183-9843-2E80DFA7A0CF}.Release|Any CPU.ActiveCfg = Release|Any CPU
		{E1E6A7D3-AE53-4183-9843-2E80DFA7A0CF}.Release|Any CPU.Build.0 = Release|Any CPU
		{6F1276B0-0234-441B-8A7D-184718716F3A}.Debug|Any CPU.ActiveCfg = Debug|Any CPU
		{6F1276B0-0234-441B-8A7D-184718716F3A}.Debug|Any CPU.Build.0 = Debug|Any CPU
		{6F1276B0-0234-441B-8A7D-184718716F3A}.Release|Any CPU.ActiveCfg = Release|Any CPU
		{6F1276B0-0234-441B-8A7D-184718716F3A}.Release|Any CPU.Build.0 = Release|Any CPU
		{E135D6E5-CF09-4B04-92DB-F4950EB8515F}.Debug|Any CPU.ActiveCfg = Debug|Any CPU
		{E135D6E5-CF09-4B04-92DB-F4950EB8515F}.Debug|Any CPU.Build.0 = Debug|Any CPU
		{E135D6E5-CF09-4B04-92DB-F4950EB8515F}.Release|Any CPU.ActiveCfg = Release|Any CPU
		{E135D6E5-CF09-4B04-92DB-F4950EB8515F}.Release|Any CPU.Build.0 = Release|Any CPU
		{F6D351EF-F517-45F8-99E5-B279B9FE3195}.Debug|Any CPU.ActiveCfg = Debug|Any CPU
		{F6D351EF-F517-45F8-99E5-B279B9FE3195}.Debug|Any CPU.Build.0 = Debug|Any CPU
		{F6D351EF-F517-45F8-99E5-B279B9FE3195}.Release|Any CPU.ActiveCfg = Release|Any CPU
		{F6D351EF-F517-45F8-99E5-B279B9FE3195}.Release|Any CPU.Build.0 = Release|Any CPU
		{FBEE1619-D587-40CB-BFCD-DF7DB95CA6D4}.Debug|Any CPU.ActiveCfg = Debug|Any CPU
		{FBEE1619-D587-40CB-BFCD-DF7DB95CA6D4}.Debug|Any CPU.Build.0 = Debug|Any CPU
		{FBEE1619-D587-40CB-BFCD-DF7DB95CA6D4}.Release|Any CPU.ActiveCfg = Release|Any CPU
		{FBEE1619-D587-40CB-BFCD-DF7DB95CA6D4}.Release|Any CPU.Build.0 = Release|Any CPU
		{5B308363-865F-42CB-A0DF-D92B16DD9C6F}.Debug|Any CPU.ActiveCfg = Debug|Any CPU
		{5B308363-865F-42CB-A0DF-D92B16DD9C6F}.Debug|Any CPU.Build.0 = Debug|Any CPU
		{5B308363-865F-42CB-A0DF-D92B16DD9C6F}.Release|Any CPU.ActiveCfg = Release|Any CPU
		{5B308363-865F-42CB-A0DF-D92B16DD9C6F}.Release|Any CPU.Build.0 = Release|Any CPU
		{C895C4A4-36FC-4EF1-902C-F9B92FE40924}.Debug|Any CPU.ActiveCfg = Debug|Any CPU
		{C895C4A4-36FC-4EF1-902C-F9B92FE40924}.Debug|Any CPU.Build.0 = Debug|Any CPU
		{C895C4A4-36FC-4EF1-902C-F9B92FE40924}.Release|Any CPU.ActiveCfg = Release|Any CPU
		{C895C4A4-36FC-4EF1-902C-F9B92FE40924}.Release|Any CPU.Build.0 = Release|Any CPU
		{145E6338-CD47-4A24-854F-A760F22DC6BE}.Debug|Any CPU.ActiveCfg = Debug|Any CPU
		{145E6338-CD47-4A24-854F-A760F22DC6BE}.Debug|Any CPU.Build.0 = Debug|Any CPU
		{145E6338-CD47-4A24-854F-A760F22DC6BE}.Release|Any CPU.ActiveCfg = Release|Any CPU
		{145E6338-CD47-4A24-854F-A760F22DC6BE}.Release|Any CPU.Build.0 = Release|Any CPU
		{1D721CFD-3815-4538-87B3-A559A5F8A4F4}.Debug|Any CPU.ActiveCfg = Debug|Any CPU
		{1D721CFD-3815-4538-87B3-A559A5F8A4F4}.Debug|Any CPU.Build.0 = Debug|Any CPU
		{1D721CFD-3815-4538-87B3-A559A5F8A4F4}.Release|Any CPU.ActiveCfg = Release|Any CPU
		{1D721CFD-3815-4538-87B3-A559A5F8A4F4}.Release|Any CPU.Build.0 = Release|Any CPU
		{6F96FD32-6F15-4DFC-A2AC-7CA6B9BC1546}.Debug|Any CPU.ActiveCfg = Debug|Any CPU
		{6F96FD32-6F15-4DFC-A2AC-7CA6B9BC1546}.Debug|Any CPU.Build.0 = Debug|Any CPU
		{6F96FD32-6F15-4DFC-A2AC-7CA6B9BC1546}.Release|Any CPU.ActiveCfg = Release|Any CPU
		{6F96FD32-6F15-4DFC-A2AC-7CA6B9BC1546}.Release|Any CPU.Build.0 = Release|Any CPU
		{2D027DA4-C61E-4BB3-A267-243449043608}.Debug|Any CPU.ActiveCfg = Debug|Any CPU
		{2D027DA4-C61E-4BB3-A267-243449043608}.Debug|Any CPU.Build.0 = Debug|Any CPU
		{2D027DA4-C61E-4BB3-A267-243449043608}.Release|Any CPU.ActiveCfg = Release|Any CPU
		{2D027DA4-C61E-4BB3-A267-243449043608}.Release|Any CPU.Build.0 = Release|Any CPU
		{4021F8BF-8414-4804-B466-B30055000AD7}.Debug|Any CPU.ActiveCfg = Debug|Any CPU
		{4021F8BF-8414-4804-B466-B30055000AD7}.Debug|Any CPU.Build.0 = Debug|Any CPU
		{4021F8BF-8414-4804-B466-B30055000AD7}.Release|Any CPU.ActiveCfg = Release|Any CPU
		{4021F8BF-8414-4804-B466-B30055000AD7}.Release|Any CPU.Build.0 = Release|Any CPU
		{FD27813C-BB9D-4E5C-9CD9-00415CC9E4AD}.Debug|Any CPU.ActiveCfg = Debug|Any CPU
		{FD27813C-BB9D-4E5C-9CD9-00415CC9E4AD}.Debug|Any CPU.Build.0 = Debug|Any CPU
		{FD27813C-BB9D-4E5C-9CD9-00415CC9E4AD}.Release|Any CPU.ActiveCfg = Release|Any CPU
		{FD27813C-BB9D-4E5C-9CD9-00415CC9E4AD}.Release|Any CPU.Build.0 = Release|Any CPU
		{F74CC059-CD1E-4FB2-B21F-C80BAD9E31F1}.Debug|Any CPU.ActiveCfg = Debug|Any CPU
		{F74CC059-CD1E-4FB2-B21F-C80BAD9E31F1}.Debug|Any CPU.Build.0 = Debug|Any CPU
		{F74CC059-CD1E-4FB2-B21F-C80BAD9E31F1}.Release|Any CPU.ActiveCfg = Release|Any CPU
		{F74CC059-CD1E-4FB2-B21F-C80BAD9E31F1}.Release|Any CPU.Build.0 = Release|Any CPU
		{E3BB5C19-8270-4481-9541-C14E77D37735}.Debug|Any CPU.ActiveCfg = Debug|Any CPU
		{E3BB5C19-8270-4481-9541-C14E77D37735}.Debug|Any CPU.Build.0 = Debug|Any CPU
		{E3BB5C19-8270-4481-9541-C14E77D37735}.Release|Any CPU.ActiveCfg = Release|Any CPU
		{E3BB5C19-8270-4481-9541-C14E77D37735}.Release|Any CPU.Build.0 = Release|Any CPU
	EndGlobalSection
	GlobalSection(SolutionProperties) = preSolution
		HideSolutionNode = FALSE
	EndGlobalSection
	GlobalSection(NestedProjects) = preSolution
		{936DB0E1-6BEB-476F-AE9F-E16283B23C1E} = {053C8025-3B95-4092-B7ED-0A1FDB60CD64}
		{B509BC5F-D1D3-4746-A828-3CC21E5167A3} = {053C8025-3B95-4092-B7ED-0A1FDB60CD64}
		{79963B43-F835-4ED9-A961-D5211FB1594A} = {053C8025-3B95-4092-B7ED-0A1FDB60CD64}
		{E24C941E-C92E-4963-A694-30A7E63339EE} = {053C8025-3B95-4092-B7ED-0A1FDB60CD64}
		{E1E6A7D3-AE53-4183-9843-2E80DFA7A0CF} = {053C8025-3B95-4092-B7ED-0A1FDB60CD64}
		{6F1276B0-0234-441B-8A7D-184718716F3A} = {000CD0C7-1B5D-4F84-9034-C13D4806D3B3}
		{E135D6E5-CF09-4B04-92DB-F4950EB8515F} = {000CD0C7-1B5D-4F84-9034-C13D4806D3B3}
		{F6D351EF-F517-45F8-99E5-B279B9FE3195} = {000CD0C7-1B5D-4F84-9034-C13D4806D3B3}
		{FBEE1619-D587-40CB-BFCD-DF7DB95CA6D4} = {000CD0C7-1B5D-4F84-9034-C13D4806D3B3}
		{5B308363-865F-42CB-A0DF-D92B16DD9C6F} = {000CD0C7-1B5D-4F84-9034-C13D4806D3B3}
		{C895C4A4-36FC-4EF1-902C-F9B92FE40924} = {98E0B3EE-48B9-4BAC-B4BB-E0F8DE0CF404}
		{145E6338-CD47-4A24-854F-A760F22DC6BE} = {98E0B3EE-48B9-4BAC-B4BB-E0F8DE0CF404}
		{1D721CFD-3815-4538-87B3-A559A5F8A4F4} = {98E0B3EE-48B9-4BAC-B4BB-E0F8DE0CF404}
		{6F96FD32-6F15-4DFC-A2AC-7CA6B9BC1546} = {98E0B3EE-48B9-4BAC-B4BB-E0F8DE0CF404}
		{2D027DA4-C61E-4BB3-A267-243449043608} = {6E9F3754-56CE-4616-AFD0-31AF38F046BB}
		{4021F8BF-8414-4804-B466-B30055000AD7} = {6E9F3754-56CE-4616-AFD0-31AF38F046BB}
		{FD27813C-BB9D-4E5C-9CD9-00415CC9E4AD} = {6E9F3754-56CE-4616-AFD0-31AF38F046BB}
		{F74CC059-CD1E-4FB2-B21F-C80BAD9E31F1} = {6E9F3754-56CE-4616-AFD0-31AF38F046BB}
		{E3BB5C19-8270-4481-9541-C14E77D37735} = {6F4B9138-5380-4FCF-92C8-D5BF08208556}
	EndGlobalSection
	GlobalSection(ExtensibilityGlobals) = postSolution
		SolutionGuid = {CEFD0489-01EB-4AA8-95AA-3CFBADE383CC}
	EndGlobalSection
EndGlobal
